<?xml version="1.0" encoding="utf-8"?>
<Project ToolsVersion="4.0" xmlns="http://schemas.microsoft.com/developer/msbuild/2003">
  <ItemGroup>
    <Filter Include="Frameworks">
      <UniqueIdentifier>{c0f8bb51-16eb-4459-ad94-5f5f1807a7ca}</UniqueIdentifier>
    </Filter>
    <Filter Include="Models">
      <UniqueIdentifier>{5e60f052-12a0-4b25-8cda-3087528fe68b}</UniqueIdentifier>
    </Filter>
    <Filter Include="Config">
      <UniqueIdentifier>{21cb0c5b-8a06-4fa5-93e7-56b4e4fd7357}</UniqueIdentifier>
    </Filter>
  </ItemGroup>
  <ItemGroup>
    <ClCompile Include="src\Framework\Common.cpp">
      <Filter>Frameworks</Filter>
    </ClCompile>
    <ClCompile Include="src\Framework\Configurer.cpp">
      <Filter>Frameworks</Filter>
    </ClCompile>
    <ClCompile Include="src\Framework\StatArchiver.cpp">
      <Filter>Frameworks</Filter>
    </ClCompile>
    <ClCompile Include="src\Framework\Time.cpp">
      <Filter>Frameworks</Filter>
    </ClCompile>
    <ClCompile Include="src\main.cpp" />
    <ClCompile Include="src\Models\SimpleFtlModel.cpp">
      <Filter>Models</Filter>
    </ClCompile>
    <ClCompile Include="src\Models\SimpleMapTable.cpp">
      <Filter>Models</Filter>
    </ClCompile>
    <ClCompile Include="src\Models\SimpleNandModel.cpp">
      <Filter>Models</Filter>
    </ClCompile>
    <ClCompile Include="src\Models\SimpleBufferModel.cpp">
      <Filter>Models</Filter>
    </ClCompile>
    <ClCompile Include="src\Framework\SyntheticWorkloadModel.cpp">
      <Filter>Frameworks</Filter>
    </ClCompile>
    <ClCompile Include="src\Framework\TraceWorkloadModel.cpp">
      <Filter>Frameworks</Filter>
    </ClCompile>
    <ClCompile Include="src\Framework\LogReport.cpp">
      <Filter>Frameworks</Filter>
    </ClCompile>
    <ClCompile Include="src\Framework\WorkloadInterface.cpp">
      <Filter>Frameworks</Filter>
    </ClCompile>
  </ItemGroup>
  <ItemGroup>
    <ClInclude Include="src\Framework\Common.h">
      <Filter>Frameworks</Filter>
    </ClInclude>
    <ClInclude Include="src\Framework\Configurer.h">
      <Filter>Frameworks</Filter>
    </ClInclude>
    <ClInclude Include="src\Framework\StatArchiver.h">
      <Filter>Frameworks</Filter>
    </ClInclude>
    <ClInclude Include="src\Framework\Time.h">
      <Filter>Frameworks</Filter>
    </ClInclude>
    <ClInclude Include="src\Models\SimpleFtlModel.h">
      <Filter>Models</Filter>
    </ClInclude>
    <ClInclude Include="src\Models\SimpleMapTable.h">
      <Filter>Models</Filter>
    </ClInclude>
    <ClInclude Include="src\Models\SimpleNandModel.h">
      <Filter>Models</Filter>
    </ClInclude>
    <ClInclude Include="src\Framework\WorkloadInterface.h">
      <Filter>Frameworks</Filter>
    </ClInclude>
    <ClInclude Include="src\Models\SimpleBufferModel.h">
      <Filter>Models</Filter>
    </ClInclude>
    <ClInclude Include="src\Framework\SyntheticWorkloadModel.h">
      <Filter>Frameworks</Filter>
    </ClInclude>
    <ClInclude Include="src\Framework\TraceWorkloadModel.h">
      <Filter>Frameworks</Filter>
    </ClInclude>
    <ClInclude Include="src\Framework\LogReport.h">
      <Filter>Frameworks</Filter>
    </ClInclude>
    <ClInclude Include="src\Models\SimpleBusModel.h">
      <Filter>Models</Filter>
    </ClInclude>
    <ClInclude Include="src\Framework\ModelingInterface.h">
      <Filter>Frameworks</Filter>
    </ClInclude>
    <ClInclude Include="src\Framework\Command.h">
      <Filter>Frameworks</Filter>
    </ClInclude>
    <ClInclude Include="src\Framework\HwRsrcInterface.h">
      <Filter>Frameworks</Filter>
    </ClInclude>
    <ClInclude Include="src\Framework\DySimulator.h">
      <Filter>Frameworks</Filter>
    </ClInclude>
    <ClInclude Include="src\Framework\Event.h">
      <Filter>Frameworks</Filter>
    </ClInclude>
    <ClInclude Include="src\Models\SimpleHostFtlModel.h">
      <Filter>Models</Filter>
    </ClInclude>
  </ItemGroup>
  <ItemGroup>
    <Text Include="configs\WKD.txt">
      <Filter>Config</Filter>
    </Text>
    <Text Include="configs\HW.txt">
      <Filter>Config</Filter>
    </Text>
    <Text Include="configs\PATH.txt">
      <Filter>Config</Filter>
    </Text>
    <Text Include="configs\SW.txt">
      <Filter>Config</Filter>
    </Text>
    <Text Include="configs\SIM.txt">
      <Filter>Config</Filter>
    </Text>
  </ItemGroup>
</Project>